// !$*UTF8*$!
{
	archiveVersion = 1;
	classes = {
	};
	objectVersion = 50;
	objects = {

/* Begin PBXBuildFile section */
		8F3BC703245E19CD0030748A /* AppD.swift in Sources */ = {isa = PBXBuildFile; fileRef = 8F3BC702245E19CD0030748A /* AppD.swift */; };
		8F3BC705245E19CD0030748A /* SceneD.swift in Sources */ = {isa = PBXBuildFile; fileRef = 8F3BC704245E19CD0030748A /* SceneD.swift */; };
		8F3BC707245E19CD0030748A /* EarthKitViewControl.swift in Sources */ = {isa = PBXBuildFile; fileRef = 8F3BC706245E19CD0030748A /* EarthKitViewControl.swift */; };
		8F3BC70A245E19CD0030748A /* Main.storyboard in Resources */ = {isa = PBXBuildFile; fileRef = 8F3BC708245E19CD0030748A /* Main.storyboard */; };
		8F3BC70D245E19CD0030748A /* PuraVida.xcdatamodeld in Sources */ = {isa = PBXBuildFile; fileRef = 8F3BC70B245E19CD0030748A /* PuraVida.xcdatamodeld */; };
		8F3BC70F245E19D00030748A /* Assets.xcassets in Resources */ = {isa = PBXBuildFile; fileRef = 8F3BC70E245E19D00030748A /* Assets.xcassets */; };
		8F3BC712245E19D00030748A /* LaunchScreen.storyboard in Resources */ = {isa = PBXBuildFile; fileRef = 8F3BC710245E19D00030748A /* LaunchScreen.storyboard */; };
		8F43209A2465BDEB007010FD /* NetworkFundamental.swift in Sources */ = {isa = PBXBuildFile; fileRef = 8F4320992465BDEB007010FD /* NetworkFundamental.swift */; };
		8F43209C2465BE82007010FD /* GlobalStatics.swift in Sources */ = {isa = PBXBuildFile; fileRef = 8F43209B2465BE82007010FD /* GlobalStatics.swift */; };
		8F52223C24674F220076EEA8 /* ExplorerViewControl.swift in Sources */ = {isa = PBXBuildFile; fileRef = 8F52223B24674F220076EEA8 /* ExplorerViewControl.swift */; };
		8F522240246756D50076EEA8 /* ExplorerTviCell.swift in Sources */ = {isa = PBXBuildFile; fileRef = 8F52223F246756D50076EEA8 /* ExplorerTviCell.swift */; };
		8F845FDB247DEAA700B79C76 /* 3DSceneKitPlaya.swift in Sources */ = {isa = PBXBuildFile; fileRef = 8F845FDA247DEAA700B79C76 /* 3DSceneKitPlaya.swift */; };
		8F923D00246B9E1800DC2D04 /* SlidingInExtension.swift in Sources */ = {isa = PBXBuildFile; fileRef = 8F923CFF246B9E1800DC2D04 /* SlidingInExtension.swift */; };
		8FB3E34A246C660000DBEFD1 /* PlanetNode.swift in Sources */ = {isa = PBXBuildFile; fileRef = 8FB3E349246C660000DBEFD1 /* PlanetNode.swift */; };
		8FC4E7CF246D9BF200CD94B9 /* PlanetARViewControl.swift in Sources */ = {isa = PBXBuildFile; fileRef = 8FC4E7CE246D9BF200CD94B9 /* PlanetARViewControl.swift */; };
		8FC772A024686D9D00FB1B2A /* MappyViewControl.swift in Sources */ = {isa = PBXBuildFile; fileRef = 8FC7729F24686D9D00FB1B2A /* MappyViewControl.swift */; };
		8FC772A324686F3400FB1B2A /* CrossDissolving.swift in Sources */ = {isa = PBXBuildFile; fileRef = 8FC772A224686F3400FB1B2A /* CrossDissolving.swift */; };
		8FDD81AE246A13CD00204E6D /* UIButtonExtension.swift in Sources */ = {isa = PBXBuildFile; fileRef = 8FDD81AD246A13CD00204E6D /* UIButtonExtension.swift */; };
		8FDD81B0246A193200204E6D /* ImageViewExtension.swift in Sources */ = {isa = PBXBuildFile; fileRef = 8FDD81AF246A193200204E6D /* ImageViewExtension.swift */; };
		8FE44CD324BC0F290056A6D5 /* Impoto.storyboard in Resources */ = {isa = PBXBuildFile; fileRef = 8FE44CD224BC0F290056A6D5 /* Impoto.storyboard */; };
/* End PBXBuildFile section */

/* Begin PBXFileReference section */
		8F3BC6FF245E19CD0030748A /* PuraVida.app */ = {isa = PBXFileReference; explicitFileType = wrapper.application; includeInIndex = 0; path = PuraVida.app; sourceTree = BUILT_PRODUCTS_DIR; };
		8F3BC702245E19CD0030748A /* AppD.swift */ = {isa = PBXFileReference; lastKnownFileType = sourcecode.swift; path = AppD.swift; sourceTree = "<group>"; };
		8F3BC704245E19CD0030748A /* SceneD.swift */ = {isa = PBXFileReference; lastKnownFileType = sourcecode.swift; path = SceneD.swift; sourceTree = "<group>"; };
		8F3BC706245E19CD0030748A /* EarthKitViewControl.swift */ = {isa = PBXFileReference; lastKnownFileType = sourcecode.swift; path = EarthKitViewControl.swift; sourceTree = "<group>"; };
		8F3BC709245E19CD0030748A /* Base */ = {isa = PBXFileReference; lastKnownFileType = file.storyboard; name = Base; path = Base.lproj/Main.storyboard; sourceTree = "<group>"; };
		8F3BC70C245E19CD0030748A /* PuraVida.xcdatamodel */ = {isa = PBXFileReference; lastKnownFileType = wrapper.xcdatamodel; path = PuraVida.xcdatamodel; sourceTree = "<group>"; };
		8F3BC70E245E19D00030748A /* Assets.xcassets */ = {isa = PBXFileReference; lastKnownFileType = folder.assetcatalog; path = Assets.xcassets; sourceTree = "<group>"; };
		8F3BC711245E19D00030748A /* Base */ = {isa = PBXFileReference; lastKnownFileType = file.storyboard; name = Base; path = Base.lproj/LaunchScreen.storyboard; sourceTree = "<group>"; };
		8F3BC713245E19D00030748A /* Info.plist */ = {isa = PBXFileReference; lastKnownFileType = text.plist.xml; path = Info.plist; sourceTree = "<group>"; };
		8F4320992465BDEB007010FD /* NetworkFundamental.swift */ = {isa = PBXFileReference; lastKnownFileType = sourcecode.swift; path = NetworkFundamental.swift; sourceTree = "<group>"; };
		8F43209B2465BE82007010FD /* GlobalStatics.swift */ = {isa = PBXFileReference; lastKnownFileType = sourcecode.swift; path = GlobalStatics.swift; sourceTree = "<group>"; };
		8F52223B24674F220076EEA8 /* ExplorerViewControl.swift */ = {isa = PBXFileReference; lastKnownFileType = sourcecode.swift; path = ExplorerViewControl.swift; sourceTree = "<group>"; };
		8F52223F246756D50076EEA8 /* ExplorerTviCell.swift */ = {isa = PBXFileReference; lastKnownFileType = sourcecode.swift; path = ExplorerTviCell.swift; sourceTree = "<group>"; };
		8F845FDA247DEAA700B79C76 /* 3DSceneKitPlaya.swift */ = {isa = PBXFileReference; lastKnownFileType = sourcecode.swift; path = 3DSceneKitPlaya.swift; sourceTree = "<group>"; };
		8F923CFF246B9E1800DC2D04 /* SlidingInExtension.swift */ = {isa = PBXFileReference; lastKnownFileType = sourcecode.swift; path = SlidingInExtension.swift; sourceTree = "<group>"; };
		8FB3E349246C660000DBEFD1 /* PlanetNode.swift */ = {isa = PBXFileReference; lastKnownFileType = sourcecode.swift; path = PlanetNode.swift; sourceTree = "<group>"; };
		8FC4E7CE246D9BF200CD94B9 /* PlanetARViewControl.swift */ = {isa = PBXFileReference; lastKnownFileType = sourcecode.swift; path = PlanetARViewControl.swift; sourceTree = "<group>"; };
		8FC7729F24686D9D00FB1B2A /* MappyViewControl.swift */ = {isa = PBXFileReference; lastKnownFileType = sourcecode.swift; path = MappyViewControl.swift; sourceTree = "<group>"; };
		8FC772A224686F3400FB1B2A /* CrossDissolving.swift */ = {isa = PBXFileReference; lastKnownFileType = sourcecode.swift; path = CrossDissolving.swift; sourceTree = "<group>"; };
		8FDD81AD246A13CD00204E6D /* UIButtonExtension.swift */ = {isa = PBXFileReference; lastKnownFileType = sourcecode.swift; path = UIButtonExtension.swift; sourceTree = "<group>"; };
		8FDD81AF246A193200204E6D /* ImageViewExtension.swift */ = {isa = PBXFileReference; lastKnownFileType = sourcecode.swift; path = ImageViewExtension.swift; sourceTree = "<group>"; };
		8FE44CD224BC0F290056A6D5 /* Impoto.storyboard */ = {isa = PBXFileReference; lastKnownFileType = file.storyboard; path = Impoto.storyboard; sourceTree = "<group>"; };
/* End PBXFileReference section */

/* Begin PBXFrameworksBuildPhase section */
		8F3BC6FC245E19CD0030748A /* Frameworks */ = {
			isa = PBXFrameworksBuildPhase;
			buildActionMask = 2147483647;
			files = (
			);
			runOnlyForDeploymentPostprocessing = 0;
		};
/* End PBXFrameworksBuildPhase section */

/* Begin PBXGroup section */
		8F3BC6F6245E19CD0030748A = {
			isa = PBXGroup;
			children = (
				8F3BC701245E19CD0030748A /* PuraVida */,
				8F3BC700245E19CD0030748A /* Products */,
			);
			sourceTree = "<group>";
		};
		8F3BC700245E19CD0030748A /* Products */ = {
			isa = PBXGroup;
			children = (
				8F3BC6FF245E19CD0030748A /* PuraVida.app */,
			);
			name = Products;
			sourceTree = "<group>";
		};
		8F3BC701245E19CD0030748A /* PuraVida */ = {
			isa = PBXGroup;
			children = (
				8F3BC708245E19CD0030748A /* Main.storyboard */,
				8FB3E342246C524100DBEFD1 /* HighTechSpecials */,
				8F923D03246B9FFB00DC2D04 /* Controls */,
				8F923D01246B9FCB00DC2D04 /* CustomizedCells */,
				8F923D02246B9FE000DC2D04 /* Models */,
				8FC772A124686F2000FB1B2A /* Views */,
				8F52223D246754AB0076EEA8 /* Distractions for now */,
				8F3BC70E245E19D00030748A /* Assets.xcassets */,
				8F3BC710245E19D00030748A /* LaunchScreen.storyboard */,
				8F3BC713245E19D00030748A /* Info.plist */,
				8F3BC70B245E19CD0030748A /* PuraVida.xcdatamodeld */,
			);
			path = PuraVida;
			sourceTree = "<group>";
		};
		8F52223D246754AB0076EEA8 /* Distractions for now */ = {
			isa = PBXGroup;
			children = (
				8F52223E246754D90076EEA8 /* Default Delegates */,
				8F4320992465BDEB007010FD /* NetworkFundamental.swift */,
			);
			path = "Distractions for now";
			sourceTree = "<group>";
		};
		8F52223E246754D90076EEA8 /* Default Delegates */ = {
			isa = PBXGroup;
			children = (
				8F3BC702245E19CD0030748A /* AppD.swift */,
				8F3BC704245E19CD0030748A /* SceneD.swift */,
			);
			path = "Default Delegates";
			sourceTree = "<group>";
		};
		8F923D01246B9FCB00DC2D04 /* CustomizedCells */ = {
			isa = PBXGroup;
			children = (
				8F52223F246756D50076EEA8 /* ExplorerTviCell.swift */,
			);
			path = CustomizedCells;
			sourceTree = "<group>";
		};
		8F923D02246B9FE000DC2D04 /* Models */ = {
			isa = PBXGroup;
			children = (
				8F43209B2465BE82007010FD /* GlobalStatics.swift */,
			);
			path = Models;
			sourceTree = "<group>";
		};
		8F923D03246B9FFB00DC2D04 /* Controls */ = {
			isa = PBXGroup;
			children = (
				8FC7729F24686D9D00FB1B2A /* MappyViewControl.swift */,
				8FC4E7CE246D9BF200CD94B9 /* PlanetARViewControl.swift */,
				8F52223B24674F220076EEA8 /* ExplorerViewControl.swift */,
			);
			path = Controls;
			sourceTree = "<group>";
		};
		8FB3E342246C524100DBEFD1 /* HighTechSpecials */ = {
			isa = PBXGroup;
			children = (
				8FB3E349246C660000DBEFD1 /* PlanetNode.swift */,
				8F845FDA247DEAA700B79C76 /* 3DSceneKitPlaya.swift */,
				8F3BC706245E19CD0030748A /* EarthKitViewControl.swift */,
			);
			path = HighTechSpecials;
			sourceTree = "<group>";
		};
		8FC772A124686F2000FB1B2A /* Views */ = {
			isa = PBXGroup;
			children = (
				8FC772A224686F3400FB1B2A /* CrossDissolving.swift */,
				8FDD81AD246A13CD00204E6D /* UIButtonExtension.swift */,
				8FDD81AF246A193200204E6D /* ImageViewExtension.swift */,
				8F923CFF246B9E1800DC2D04 /* SlidingInExtension.swift */,
				8FE44CD224BC0F290056A6D5 /* Impoto.storyboard */,
			);
			path = Views;
			sourceTree = "<group>";
		};
/* End PBXGroup section */

/* Begin PBXNativeTarget section */
		8F3BC6FE245E19CD0030748A /* PuraVida */ = {
			isa = PBXNativeTarget;
			buildConfigurationList = 8F3BC716245E19D00030748A /* Build configuration list for PBXNativeTarget "PuraVida" */;
			buildPhases = (
				8F3BC6FB245E19CD0030748A /* Sources */,
				8F3BC6FC245E19CD0030748A /* Frameworks */,
				8F3BC6FD245E19CD0030748A /* Resources */,
			);
			buildRules = (
			);
			dependencies = (
			);
			name = PuraVida;
			productName = PuraVida;
			productReference = 8F3BC6FF245E19CD0030748A /* PuraVida.app */;
			productType = "com.apple.product-type.application";
		};
/* End PBXNativeTarget section */

/* Begin PBXProject section */
		8F3BC6F7245E19CD0030748A /* Project object */ = {
			isa = PBXProject;
			attributes = {
				LastSwiftUpdateCheck = 1120;
				LastUpgradeCheck = 1120;
				ORGANIZATIONNAME = "Jerry Ren";
				TargetAttributes = {
					8F3BC6FE245E19CD0030748A = {
						CreatedOnToolsVersion = 11.2;
					};
				};
			};
			buildConfigurationList = 8F3BC6FA245E19CD0030748A /* Build configuration list for PBXProject "PuraVida" */;
			compatibilityVersion = "Xcode 9.3";
			developmentRegion = en;
			hasScannedForEncodings = 0;
			knownRegions = (
				en,
				Base,
			);
			mainGroup = 8F3BC6F6245E19CD0030748A;
			productRefGroup = 8F3BC700245E19CD0030748A /* Products */;
			projectDirPath = "";
			projectRoot = "";
			targets = (
				8F3BC6FE245E19CD0030748A /* PuraVida */,
			);
		};
/* End PBXProject section */

/* Begin PBXResourcesBuildPhase section */
		8F3BC6FD245E19CD0030748A /* Resources */ = {
			isa = PBXResourcesBuildPhase;
			buildActionMask = 2147483647;
			files = (
				8FE44CD324BC0F290056A6D5 /* Impoto.storyboard in Resources */,
				8F3BC712245E19D00030748A /* LaunchScreen.storyboard in Resources */,
				8F3BC70F245E19D00030748A /* Assets.xcassets in Resources */,
				8F3BC70A245E19CD0030748A /* Main.storyboard in Resources */,
			);
			runOnlyForDeploymentPostprocessing = 0;
		};
/* End PBXResourcesBuildPhase section */

/* Begin PBXSourcesBuildPhase section */
		8F3BC6FB245E19CD0030748A /* Sources */ = {
			isa = PBXSourcesBuildPhase;
			buildActionMask = 2147483647;
			files = (
				8FC772A024686D9D00FB1B2A /* MappyViewControl.swift in Sources */,
				8F43209C2465BE82007010FD /* GlobalStatics.swift in Sources */,
				8F52223C24674F220076EEA8 /* ExplorerViewControl.swift in Sources */,
				8F845FDB247DEAA700B79C76 /* 3DSceneKitPlaya.swift in Sources */,
				8FC772A324686F3400FB1B2A /* CrossDissolving.swift in Sources */,
				8FDD81AE246A13CD00204E6D /* UIButtonExtension.swift in Sources */,
				8F3BC707245E19CD0030748A /* EarthKitViewControl.swift in Sources */,
				8FC4E7CF246D9BF200CD94B9 /* PlanetARViewControl.swift in Sources */,
				8F43209A2465BDEB007010FD /* NetworkFundamental.swift in Sources */,
				8F3BC70D245E19CD0030748A /* PuraVida.xcdatamodeld in Sources */,
				8F923D00246B9E1800DC2D04 /* SlidingInExtension.swift in Sources */,
				8F3BC703245E19CD0030748A /* AppD.swift in Sources */,
				8FB3E34A246C660000DBEFD1 /* PlanetNode.swift in Sources */,
				8F3BC705245E19CD0030748A /* SceneD.swift in Sources */,
				8FDD81B0246A193200204E6D /* ImageViewExtension.swift in Sources */,
				8F522240246756D50076EEA8 /* ExplorerTviCell.swift in Sources */,
			);
			runOnlyForDeploymentPostprocessing = 0;
		};
/* End PBXSourcesBuildPhase section */

/* Begin PBXVariantGroup section */
		8F3BC708245E19CD0030748A /* Main.storyboard */ = {
			isa = PBXVariantGroup;
			children = (
				8F3BC709245E19CD0030748A /* Base */,
			);
			name = Main.storyboard;
			sourceTree = "<group>";
		};
		8F3BC710245E19D00030748A /* LaunchScreen.storyboard */ = {
			isa = PBXVariantGroup;
			children = (
				8F3BC711245E19D00030748A /* Base */,
			);
			name = LaunchScreen.storyboard;
			sourceTree = "<group>";
		};
/* End PBXVariantGroup section */

/* Begin XCBuildConfiguration section */
		8F3BC714245E19D00030748A /* Debug */ = {
			isa = XCBuildConfiguration;
			buildSettings = {
				ALWAYS_SEARCH_USER_PATHS = NO;
				CLANG_ANALYZER_NONNULL = YES;
				CLANG_ANALYZER_NUMBER_OBJECT_CONVERSION = YES_AGGRESSIVE;
				CLANG_CXX_LANGUAGE_STANDARD = "gnu++14";
				CLANG_CXX_LIBRARY = "libc++";
				CLANG_ENABLE_MODULES = YES;
				CLANG_ENABLE_OBJC_ARC = YES;
				CLANG_ENABLE_OBJC_WEAK = YES;
				CLANG_WARN_BLOCK_CAPTURE_AUTORELEASING = YES;
				CLANG_WARN_BOOL_CONVERSION = YES;
				CLANG_WARN_COMMA = YES;
				CLANG_WARN_CONSTANT_CONVERSION = YES;
				CLANG_WARN_DEPRECATED_OBJC_IMPLEMENTATIONS = YES;
				CLANG_WARN_DIRECT_OBJC_ISA_USAGE = YES_ERROR;
				CLANG_WARN_DOCUMENTATION_COMMENTS = YES;
				CLANG_WARN_EMPTY_BODY = YES;
				CLANG_WARN_ENUM_CONVERSION = YES;
				CLANG_WARN_INFINITE_RECURSION = YES;
				CLANG_WARN_INT_CONVERSION = YES;
				CLANG_WARN_NON_LITERAL_NULL_CONVERSION = YES;
				CLANG_WARN_OBJC_IMPLICIT_RETAIN_SELF = YES;
				CLANG_WARN_OBJC_LITERAL_CONVERSION = YES;
				CLANG_WARN_OBJC_ROOT_CLASS = YES_ERROR;
				CLANG_WARN_RANGE_LOOP_ANALYSIS = YES;
				CLANG_WARN_STRICT_PROTOTYPES = YES;
				CLANG_WARN_SUSPICIOUS_MOVE = YES;
				CLANG_WARN_UNGUARDED_AVAILABILITY = YES_AGGRESSIVE;
				CLANG_WARN_UNREACHABLE_CODE = YES;
				CLANG_WARN__DUPLICATE_METHOD_MATCH = YES;
				COPY_PHASE_STRIP = NO;
				DEBUG_INFORMATION_FORMAT = dwarf;
				ENABLE_STRICT_OBJC_MSGSEND = YES;
				ENABLE_TESTABILITY = YES;
				GCC_C_LANGUAGE_STANDARD = gnu11;
				GCC_DYNAMIC_NO_PIC = NO;
				GCC_NO_COMMON_BLOCKS = YES;
				GCC_OPTIMIZATION_LEVEL = 0;
				GCC_PREPROCESSOR_DEFINITIONS = (
					"DEBUG=1",
					"$(inherited)",
				);
				GCC_WARN_64_TO_32_BIT_CONVERSION = YES;
				GCC_WARN_ABOUT_RETURN_TYPE = YES_ERROR;
				GCC_WARN_UNDECLARED_SELECTOR = YES;
				GCC_WARN_UNINITIALIZED_AUTOS = YES_AGGRESSIVE;
				GCC_WARN_UNUSED_FUNCTION = YES;
				GCC_WARN_UNUSED_VARIABLE = YES;
				IPHONEOS_DEPLOYMENT_TARGET = 13.2;
				MTL_ENABLE_DEBUG_INFO = INCLUDE_SOURCE;
				MTL_FAST_MATH = YES;
				ONLY_ACTIVE_ARCH = YES;
				SDKROOT = iphoneos;
				SWIFT_ACTIVE_COMPILATION_CONDITIONS = DEBUG;
				SWIFT_OPTIMIZATION_LEVEL = "-Onone";
			};
			name = Debug;
		};
		8F3BC715245E19D00030748A /* Release */ = {
			isa = XCBuildConfiguration;
			buildSettings = {
				ALWAYS_SEARCH_USER_PATHS = NO;
				CLANG_ANALYZER_NONNULL = YES;
				CLANG_ANALYZER_NUMBER_OBJECT_CONVERSION = YES_AGGRESSIVE;
				CLANG_CXX_LANGUAGE_STANDARD = "gnu++14";
				CLANG_CXX_LIBRARY = "libc++";
				CLANG_ENABLE_MODULES = YES;
				CLANG_ENABLE_OBJC_ARC = YES;
				CLANG_ENABLE_OBJC_WEAK = YES;
				CLANG_WARN_BLOCK_CAPTURE_AUTORELEASING = YES;
				CLANG_WARN_BOOL_CONVERSION = YES;
				CLANG_WARN_COMMA = YES;
				CLANG_WARN_CONSTANT_CONVERSION = YES;
				CLANG_WARN_DEPRECATED_OBJC_IMPLEMENTATIONS = YES;
				CLANG_WARN_DIRECT_OBJC_ISA_USAGE = YES_ERROR;
				CLANG_WARN_DOCUMENTATION_COMMENTS = YES;
				CLANG_WARN_EMPTY_BODY = YES;
				CLANG_WARN_ENUM_CONVERSION = YES;
				CLANG_WARN_INFINITE_RECURSION = YES;
				CLANG_WARN_INT_CONVERSION = YES;
				CLANG_WARN_NON_LITERAL_NULL_CONVERSION = YES;
				CLANG_WARN_OBJC_IMPLICIT_RETAIN_SELF = YES;
				CLANG_WARN_OBJC_LITERAL_CONVERSION = YES;
				CLANG_WARN_OBJC_ROOT_CLASS = YES_ERROR;
				CLANG_WARN_RANGE_LOOP_ANALYSIS = YES;
				CLANG_WARN_STRICT_PROTOTYPES = YES;
				CLANG_WARN_SUSPICIOUS_MOVE = YES;
				CLANG_WARN_UNGUARDED_AVAILABILITY = YES_AGGRESSIVE;
				CLANG_WARN_UNREACHABLE_CODE = YES;
				CLANG_WARN__DUPLICATE_METHOD_MATCH = YES;
				COPY_PHASE_STRIP = NO;
				DEBUG_INFORMATION_FORMAT = "dwarf-with-dsym";
				ENABLE_NS_ASSERTIONS = NO;
				ENABLE_STRICT_OBJC_MSGSEND = YES;
				GCC_C_LANGUAGE_STANDARD = gnu11;
				GCC_NO_COMMON_BLOCKS = YES;
				GCC_WARN_64_TO_32_BIT_CONVERSION = YES;
				GCC_WARN_ABOUT_RETURN_TYPE = YES_ERROR;
				GCC_WARN_UNDECLARED_SELECTOR = YES;
				GCC_WARN_UNINITIALIZED_AUTOS = YES_AGGRESSIVE;
				GCC_WARN_UNUSED_FUNCTION = YES;
				GCC_WARN_UNUSED_VARIABLE = YES;
				IPHONEOS_DEPLOYMENT_TARGET = 13.2;
				MTL_ENABLE_DEBUG_INFO = NO;
				MTL_FAST_MATH = YES;
				SDKROOT = iphoneos;
				SWIFT_COMPILATION_MODE = wholemodule;
				SWIFT_OPTIMIZATION_LEVEL = "-O";
				VALIDATE_PRODUCT = YES;
			};
			name = Release;
		};
		8F3BC717245E19D00030748A /* Debug */ = {
			isa = XCBuildConfiguration;
			buildSettings = {
				ASSETCATALOG_COMPILER_APPICON_NAME = AppIcon;
				CODE_SIGN_STYLE = Automatic;
				DEVELOPMENT_TEAM = FQGTQT3UZ8;
				INFOPLIST_FILE = PuraVida/Info.plist;
				LD_RUNPATH_SEARCH_PATHS = (
					"$(inherited)",
					"@executable_path/Frameworks",
				);
				PRODUCT_BUNDLE_IDENTIFIER = com.JerryRen.PuraVido;
				PRODUCT_NAME = "$(TARGET_NAME)";
				SWIFT_VERSION = 5.0;
				TARGETED_DEVICE_FAMILY = "1,2";
			};
			name = Debug;
		};
		8F3BC718245E19D00030748A /* Release */ = {
			isa = XCBuildConfiguration;
			buildSettings = {
				ASSETCATALOG_COMPILER_APPICON_NAME = AppIcon;
				CODE_SIGN_STYLE = Automatic;
				DEVELOPMENT_TEAM = FQGTQT3UZ8;
				INFOPLIST_FILE = PuraVida/Info.plist;
				LD_RUNPATH_SEARCH_PATHS = (
					"$(inherited)",
					"@executable_path/Frameworks",
				);
				PRODUCT_BUNDLE_IDENTIFIER = com.JerryRen.PuraVido;
				PRODUCT_NAME = "$(TARGET_NAME)";
				SWIFT_VERSION = 5.0;
				TARGETED_DEVICE_FAMILY = "1,2";
			};
			name = Release;
		};
/* End XCBuildConfiguration section */

/* Begin XCConfigurationList section */
		8F3BC6FA245E19CD0030748A /* Build configuration list for PBXProject "PuraVida" */ = {
			isa = XCConfigurationList;
			buildConfigurations = (
				8F3BC714245E19D00030748A /* Debug */,
				8F3BC715245E19D00030748A /* Release */,
			);
			defaultConfigurationIsVisible = 0;
			defaultConfigurationName = Release;
		};
		8F3BC716245E19D00030748A /* Build configuration list for PBXNativeTarget "PuraVida" */ = {
			isa = XCConfigurationList;
			buildConfigurations = (
				8F3BC717245E19D00030748A /* Debug */,
				8F3BC718245E19D00030748A /* Release */,
			);
			defaultConfigurationIsVisible = 0;
			defaultConfigurationName = Release;
		};
/* End XCConfigurationList section */

/* Begin XCVersionGroup section */
		8F3BC70B245E19CD0030748A /* PuraVida.xcdatamodeld */ = {
			isa = XCVersionGroup;
			children = (
				8F3BC70C245E19CD0030748A /* PuraVida.xcdatamodel */,
			);
			currentVersion = 8F3BC70C245E19CD0030748A /* PuraVida.xcdatamodel */;
			path = PuraVida.xcdatamodeld;
			sourceTree = "<group>";
			versionGroupType = wrapper.xcdatamodel;
		};
/* End XCVersionGroup section */
	};
	rootObject = 8F3BC6F7245E19CD0030748A /* Project object */;
}
